{
  "version": 4,
  "terraform_version": "1.4.6",
  "serial": 12,
  "lineage": "afc30094-4f57-ad5b-d6d1-770f77dd49c7",
  "outputs": {
    "PrivateIP": {
      "value": "172.31.8.153",
      "type": "string"
    },
    "PublicIP": {
      "value": "18.206.93.71",
      "type": "string"
    }
  },
  "resources": [
    {
      "mode": "managed",
      "type": "aws_instance",
      "name": "dove-instance",
      "provider": "provider[\"registry.terraform.io/hashicorp/aws\"]",
      "instances": [
        {
          "schema_version": 1,
          "attributes": {
            "ami": "ami-0715c1897453cabd1",
            "arn": "arn:aws:ec2:us-east-1:615408372949:instance/i-0b165459cf3b588ea",
            "associate_public_ip_address": true,
            "availability_zone": "us-east-1a",
            "capacity_reservation_specification": [
              {
                "capacity_reservation_preference": "open",
                "capacity_reservation_target": []
              }
            ],
            "cpu_core_count": 1,
            "cpu_options": [
              {
                "amd_sev_snp": "",
                "core_count": 1,
                "threads_per_core": 1
              }
            ],
            "cpu_threads_per_core": 1,
            "credit_specification": [
              {
                "cpu_credits": "standard"
              }
            ],
            "disable_api_stop": false,
            "disable_api_termination": false,
            "ebs_block_device": [],
            "ebs_optimized": false,
            "enclave_options": [
              {
                "enabled": false
              }
            ],
            "ephemeral_block_device": [],
            "get_password_data": false,
            "hibernation": false,
            "host_id": "",
            "host_resource_group_arn": null,
            "iam_instance_profile": "",
            "id": "i-0b165459cf3b588ea",
            "instance_initiated_shutdown_behavior": "stop",
            "instance_state": "running",
            "instance_type": "t2.micro",
            "ipv6_address_count": 0,
            "ipv6_addresses": [],
            "key_name": "adminkey",
            "launch_template": [],
            "maintenance_options": [
              {
                "auto_recovery": "default"
              }
            ],
            "metadata_options": [
              {
                "http_endpoint": "enabled",
                "http_put_response_hop_limit": 2,
                "http_tokens": "required",
                "instance_metadata_tags": "disabled"
              }
            ],
            "monitoring": false,
            "network_interface": [],
            "outpost_arn": "",
            "password_data": "",
            "placement_group": "",
            "placement_partition_number": 0,
            "primary_network_interface_id": "eni-0d5841aad4ed3316a",
            "private_dns": "ip-172-31-8-153.ec2.internal",
            "private_dns_name_options": [
              {
                "enable_resource_name_dns_a_record": false,
                "enable_resource_name_dns_aaaa_record": false,
                "hostname_type": "ip-name"
              }
            ],
            "private_ip": "172.31.8.153",
            "public_dns": "ec2-18-206-93-71.compute-1.amazonaws.com",
            "public_ip": "18.206.93.71",
            "root_block_device": [
              {
                "delete_on_termination": true,
                "device_name": "/dev/xvda",
                "encrypted": false,
                "iops": 3000,
                "kms_key_id": "",
                "tags": {},
                "throughput": 125,
                "volume_id": "vol-09cc5d63c5e3bfcf7",
                "volume_size": 8,
                "volume_type": "gp3"
              }
            ],
            "secondary_private_ips": [],
            "security_groups": [
              "web02"
            ],
            "source_dest_check": true,
            "subnet_id": "subnet-042c4ff87e869075a",
            "tags": {
              "Name": "Dove Instance",
              "Project": "AWS"
            },
            "tags_all": {
              "Name": "Dove Instance",
              "Project": "AWS"
            },
            "tenancy": "default",
            "timeouts": null,
            "user_data": null,
            "user_data_base64": null,
            "user_data_replace_on_change": false,
            "volume_tags": null,
            "vpc_security_group_ids": [
              "sg-05dd08a480eec2421"
            ]
          },
          "sensitive_attributes": [],
          "private": "eyJlMmJmYjczMC1lY2FhLTExZTYtOGY4OC0zNDM2M2JjN2M0YzAiOnsiY3JlYXRlIjo2MDAwMDAwMDAwMDAsImRlbGV0ZSI6MTIwMDAwMDAwMDAwMCwidXBkYXRlIjo2MDAwMDAwMDAwMDB9LCJzY2hlbWFfdmVyc2lvbiI6IjEifQ==",
          "dependencies": [
            "aws_key_pair.dove-key"
          ]
        }
      ]
    },
    {
      "mode": "managed",
      "type": "aws_key_pair",
      "name": "dove-key",
      "provider": "provider[\"registry.terraform.io/hashicorp/aws\"]",
      "instances": [
        {
          "schema_version": 1,
          "attributes": {
            "arn": "arn:aws:ec2:us-east-1:615408372949:key-pair/adminkey",
            "fingerprint": "cc:7f:ed:0e:b1:84:17:32:a1:67:05:9a:ac:3b:93:f1",
            "id": "adminkey",
            "key_name": "adminkey",
            "key_name_prefix": "",
            "key_pair_id": "key-08bb597b8175d8eba",
            "key_type": "rsa",
            "public_key": "ssh-rsa AAAAB3NzaC1yc2EAAAADAQABAAABgQC6sGJf7lVhexvUe1OwUSRS+0lmHFTyltha1PiRODmjdDItY6+1886PPNkBfH3/vdy3a3DeHNTEIRNspkhPWyrTMy962z3ddlet+NSCaJUAkJFMXonwEaxWZ/jPX0mrLokCsHlUP8vplpDNJCsdkLPMjgLvdwoHLYilOcrpRwAw7ZCzaB8g4qc8MRXg9UD8dTRwq85KXSWKLjtH0UA788qhBndCaqS00VLHgX60HmN3Tz5fr725orRVZu+vYH9f7DOfl2FYm3aFWKrDZEzcHmkYzeYg5DNpBy5/+CvApq7SOJKbwbDDqmB8AGNVwGy+vxncz92bYT+Gp3DBSFEWsmN5YDvVdkG8UmBJ2zyIwZq7HAoKYeCnFbX+7Pk45Z3DHf9MyZsObkQhK5FdPHqXU9bS/HzMygu2wVhQRqC3wu7LB5ymZ0V3/D95qqNc/QmIUmtwSHO74D1cc/ih7lDBRg1aid7kyHXUgaHpJcCbJheoSei/uR5/mGh48K7I7dusB+M= KAMBREEZY@DESKTOP-JHSCFQU",
            "tags": null,
            "tags_all": {}
          },
          "sensitive_attributes": [],
          "private": "eyJzY2hlbWFfdmVyc2lvbiI6IjEifQ=="
        }
      ]
    }
  ],
  "check_results": null
}
